// !$*UTF8*$!
{
	archiveVersion = 1;
	classes = {
	};
	objectVersion = 77;
	objects = {

/* Begin PBXBuildFile section */
		DC36B4FC2EF32F00008FF120 /* FirebaseAuth in Frameworks */ = {isa = PBXBuildFile; productRef = DC36B4FB2EF32F00008FF120 /* FirebaseAuth */; };
		DC36B4FE2EF32F00008FF120 /* FirebaseCore in Frameworks */ = {isa = PBXBuildFile; productRef = DC36B4FD2EF32F00008FF120 /* FirebaseCore */; };
		DC36B5002EF32F00008FF120 /* FirebaseFirestore in Frameworks */ = {isa = PBXBuildFile; productRef = DC36B4FF2EF32F00008FF120 /* FirebaseFirestore */; };
		DC36B5022EF32F00008FF120 /* FirebaseStorage in Frameworks */ = {isa = PBXBuildFile; productRef = DC36B5012EF32F00008FF120 /* FirebaseStorage */; };
/* End PBXBuildFile section */

/* Begin PBXContainerItemProxy section */
		DC0FAEB72EF3275400D9E235 /* PBXContainerItemProxy */ = {
			isa = PBXContainerItemProxy;
			containerPortal = DC0FAEA12EF3275300D9E235 /* Project object */;
			proxyType = 1;
			remoteGlobalIDString = DC0FAEA82EF3275300D9E235;
			remoteInfo = WordSnap;
		};
		DC0FAEC12EF3275400D9E235 /* PBXContainerItemProxy */ = {
			isa = PBXContainerItemProxy;
			containerPortal = DC0FAEA12EF3275300D9E235 /* Project object */;
			proxyType = 1;
			remoteGlobalIDString = DC0FAEA82EF3275300D9E235;
			remoteInfo = WordSnap;
		};
/* End PBXContainerItemProxy section */

/* Begin PBXFileReference section */
		DC0FAEA92EF3275300D9E235 /* WordSnap.app */ = {isa = PBXFileReference; explicitFileType = wrapper.application; includeInIndex = 0; path = WordSnap.app; sourceTree = BUILT_PRODUCTS_DIR; };
		DC0FAEB62EF3275400D9E235 /* WordSnapTests.xctest */ = {isa = PBXFileReference; explicitFileType = wrapper.cfbundle; includeInIndex = 0; path = WordSnapTests.xctest; sourceTree = BUILT_PRODUCTS_DIR; };
		DC0FAEC02EF3275400D9E235 /* WordSnapUITests.xctest */ = {isa = PBXFileReference; explicitFileType = wrapper.cfbundle; includeInIndex = 0; path = WordSnapUITests.xctest; sourceTree = BUILT_PRODUCTS_DIR; };
/* End PBXFileReference section */

/* Begin PBXFileSystemSynchronizedRootGroup section */
		DC0FAEAB2EF3275300D9E235 /* WordSnap */ = {
			isa = PBXFileSystemSynchronizedRootGroup;
			path = WordSnap;
			sourceTree = "<group>";
		};
		DC0FAEB92EF3275400D9E235 /* WordSnapTests */ = {
			isa = PBXFileSystemSynchronizedRootGroup;
			path = WordSnapTests;
			sourceTree = "<group>";
		};
		DC0FAEC32EF3275400D9E235 /* WordSnapUITests */ = {
			isa = PBXFileSystemSynchronizedRootGroup;
			path = WordSnapUITests;
			sourceTree = "<group>";
		};
/* End PBXFileSystemSynchronizedRootGroup section */

/* Begin PBXFrameworksBuildPhase section */
		DC0FAEA62EF3275300D9E235 /* Frameworks */ = {
			isa = PBXFrameworksBuildPhase;
			buildActionMask = 2147483647;
			files = (
				DC36B4FE2EF32F00008FF120 /* FirebaseCore in Frameworks */,
				DC36B5022EF32F00008FF120 /* FirebaseStorage in Frameworks */,
				DC36B4FC2EF32F00008FF120 /* FirebaseAuth in Frameworks */,
				DC36B5002EF32F00008FF120 /* FirebaseFirestore in Frameworks */,
			);
			runOnlyForDeploymentPostprocessing = 0;
		};
		DC0FAEB32EF3275400D9E235 /* Frameworks */ = {
			isa = PBXFrameworksBuildPhase;
			buildActionMask = 2147483647;
			files = (
			);
			runOnlyForDeploymentPostprocessing = 0;
		};
		DC0FAEBD2EF3275400D9E235 /* Frameworks */ = {
			isa = PBXFrameworksBuildPhase;
			buildActionMask = 2147483647;
			files = (
			);
			runOnlyForDeploymentPostprocessing = 0;
		};
/* End PBXFrameworksBuildPhase section */

/* Begin PBXGroup section */
		DC0FAEA02EF3275300D9E235 = {
			isa = PBXGroup;
			children = (
				DC0FAEAB2EF3275300D9E235 /* WordSnap */,
				DC0FAEB92EF3275400D9E235 /* WordSnapTests */,
				DC0FAEC32EF3275400D9E235 /* WordSnapUITests */,
				DC0FAEAA2EF3275300D9E235 /* Products */,
			);
			sourceTree = "<group>";
		};
		DC0FAEAA2EF3275300D9E235 /* Products */ = {
			isa = PBXGroup;
			children = (
				DC0FAEA92EF3275300D9E235 /* WordSnap.app */,
				DC0FAEB62EF3275400D9E235 /* WordSnapTests.xctest */,
				DC0FAEC02EF3275400D9E235 /* WordSnapUITests.xctest */,
			);
			name = Products;
			sourceTree = "<group>";
		};
/* End PBXGroup section */

/* Begin PBXNativeTarget section */
		DC0FAEA82EF3275300D9E235 /* WordSnap */ = {
			isa = PBXNativeTarget;
			buildConfigurationList = DC0FAECA2EF3275400D9E235 /* Build configuration list for PBXNativeTarget "WordSnap" */;
			buildPhases = (
				DC0FAEA52EF3275300D9E235 /* Sources */,
				DC0FAEA62EF3275300D9E235 /* Frameworks */,
				DC0FAEA72EF3275300D9E235 /* Resources */,
			);
			buildRules = (
			);
			dependencies = (
			);
			fileSystemSynchronizedGroups = (
				DC0FAEAB2EF3275300D9E235 /* WordSnap */,
			);
			name = WordSnap;
			packageProductDependencies = (
				DC36B4FB2EF32F00008FF120 /* FirebaseAuth */,
				DC36B4FD2EF32F00008FF120 /* FirebaseCore */,
				DC36B4FF2EF32F00008FF120 /* FirebaseFirestore */,
				DC36B5012EF32F00008FF120 /* FirebaseStorage */,
			);
			productName = WordSnap;
			productReference = DC0FAEA92EF3275300D9E235 /* WordSnap.app */;
			productType = "com.apple.product-type.application";
		};
		DC0FAEB52EF3275400D9E235 /* WordSnapTests */ = {
			isa = PBXNativeTarget;
			buildConfigurationList = DC0FAECD2EF3275400D9E235 /* Build configuration list for PBXNativeTarget "WordSnapTests" */;
			buildPhases = (
				DC0FAEB22EF3275400D9E235 /* Sources */,
				DC0FAEB32EF3275400D9E235 /* Frameworks */,
				DC0FAEB42EF3275400D9E235 /* Resources */,
			);
			buildRules = (
			);
			dependencies = (
				DC0FAEB82EF3275400D9E235 /* PBXTargetDependency */,
			);
			fileSystemSynchronizedGroups = (
				DC0FAEB92EF3275400D9E235 /* WordSnapTests */,
			);
			name = WordSnapTests;
			packageProductDependencies = (
			);
			productName = WordSnapTests;
			productReference = DC0FAEB62EF3275400D9E235 /* WordSnapTests.xctest */;
			productType = "com.apple.product-type.bundle.unit-test";
		};
		DC0FAEBF2EF3275400D9E235 /* WordSnapUITests */ = {
			isa = PBXNativeTarget;
			buildConfigurationList = DC0FAED02EF3275400D9E235 /* Build configuration list for PBXNativeTarget "WordSnapUITests" */;
			buildPhases = (
				DC0FAEBC2EF3275400D9E235 /* Sources */,
				DC0FAEBD2EF3275400D9E235 /* Frameworks */,
				DC0FAEBE2EF3275400D9E235 /* Resources */,
			);
			buildRules = (
			);
			dependencies = (
				DC0FAEC22EF3275400D9E235 /* PBXTargetDependency */,
			);
			fileSystemSynchronizedGroups = (
				DC0FAEC32EF3275400D9E235 /* WordSnapUITests */,
			);
			name = WordSnapUITests;
			packageProductDependencies = (
			);
			productName = WordSnapUITests;
			productReference = DC0FAEC02EF3275400D9E235 /* WordSnapUITests.xctest */;
			productType = "com.apple.product-type.bundle.ui-testing";
		};
/* End PBXNativeTarget section */

/* Begin PBXProject section */
		DC0FAEA12EF3275300D9E235 /* Project object */ = {
			isa = PBXProject;
			attributes = {
				BuildIndependentTargetsInParallel = 1;
				LastSwiftUpdateCheck = 2610;
				LastUpgradeCheck = 2610;
				TargetAttributes = {
					DC0FAEA82EF3275300D9E235 = {
						CreatedOnToolsVersion = 26.1;
					};
					DC0FAEB52EF3275400D9E235 = {
						CreatedOnToolsVersion = 26.1;
						TestTargetID = DC0FAEA82EF3275300D9E235;
					};
					DC0FAEBF2EF3275400D9E235 = {
						CreatedOnToolsVersion = 26.1;
						TestTargetID = DC0FAEA82EF3275300D9E235;
					};
				};
			};
			buildConfigurationList = DC0FAEA42EF3275300D9E235 /* Build configuration list for PBXProject "WordSnap" */;
			developmentRegion = en;
			hasScannedForEncodings = 0;
			knownRegions = (
				en,
				Base,
			);
			mainGroup = DC0FAEA02EF3275300D9E235;
			minimizedProjectReferenceProxies = 1;
			packageReferences = (
				DC36B4FA2EF32F00008FF120 /* XCRemoteSwiftPackageReference "firebase-ios-sdk" */,
			);
			preferredProjectObjectVersion = 77;
			productRefGroup = DC0FAEAA2EF3275300D9E235 /* Products */;
			projectDirPath = "";
			projectRoot = "";
			targets = (
				DC0FAEA82EF3275300D9E235 /* WordSnap */,
				DC0FAEB52EF3275400D9E235 /* WordSnapTests */,
				DC0FAEBF2EF3275400D9E235 /* WordSnapUITests */,
			);
		};
/* End PBXProject section */

/* Begin PBXResourcesBuildPhase section */
		DC0FAEA72EF3275300D9E235 /* Resources */ = {
			isa = PBXResourcesBuildPhase;
			buildActionMask = 2147483647;
			files = (
			);
			runOnlyForDeploymentPostprocessing = 0;
		};
		DC0FAEB42EF3275400D9E235 /* Resources */ = {
			isa = PBXResourcesBuildPhase;
			buildActionMask = 2147483647;
			files = (
			);
			runOnlyForDeploymentPostprocessing = 0;
		};
		DC0FAEBE2EF3275400D9E235 /* Resources */ = {
			isa = PBXResourcesBuildPhase;
			buildActionMask = 2147483647;
			files = (
			);
			runOnlyForDeploymentPostprocessing = 0;
		};
/* End PBXResourcesBuildPhase section */

/* Begin PBXSourcesBuildPhase section */
		DC0FAEA52EF3275300D9E235 /* Sources */ = {
			isa = PBXSourcesBuildPhase;
			buildActionMask = 2147483647;
			files = (
			);
			runOnlyForDeploymentPostprocessing = 0;
		};
		DC0FAEB22EF3275400D9E235 /* Sources */ = {
			isa = PBXSourcesBuildPhase;
			buildActionMask = 2147483647;
			files = (
			);
			runOnlyForDeploymentPostprocessing = 0;
		};
		DC0FAEBC2EF3275400D9E235 /* Sources */ = {
			isa = PBXSourcesBuildPhase;
			buildActionMask = 2147483647;
			files = (
			);
			runOnlyForDeploymentPostprocessing = 0;
		};
/* End PBXSourcesBuildPhase section */

/* Begin PBXTargetDependency section */
		DC0FAEB82EF3275400D9E235 /* PBXTargetDependency */ = {
			isa = PBXTargetDependency;
			target = DC0FAEA82EF3275300D9E235 /* WordSnap */;
			targetProxy = DC0FAEB72EF3275400D9E235 /* PBXContainerItemProxy */;
		};
		DC0FAEC22EF3275400D9E235 /* PBXTargetDependency */ = {
			isa = PBXTargetDependency;
			target = DC0FAEA82EF3275300D9E235 /* WordSnap */;
			targetProxy = DC0FAEC12EF3275400D9E235 /* PBXContainerItemProxy */;
		};
/* End PBXTargetDependency section */

/* Begin XCBuildConfiguration section */
		DC0FAEC82EF3275400D9E235 /* Debug */ = {
			isa = XCBuildConfiguration;
			buildSettings = {
				ALWAYS_SEARCH_USER_PATHS = NO;
				ASSETCATALOG_COMPILER_GENERATE_SWIFT_ASSET_SYMBOL_EXTENSIONS = YES;
				CLANG_ANALYZER_NONNULL = YES;
				CLANG_ANALYZER_NUMBER_OBJECT_CONVERSION = YES_AGGRESSIVE;
				CLANG_CXX_LANGUAGE_STANDARD = "gnu++20";
				CLANG_ENABLE_MODULES = YES;
				CLANG_ENABLE_OBJC_ARC = YES;
				CLANG_ENABLE_OBJC_WEAK = YES;
				CLANG_WARN_BLOCK_CAPTURE_AUTORELEASING = YES;
				CLANG_WARN_BOOL_CONVERSION = YES;
				CLANG_WARN_COMMA = YES;
				CLANG_WARN_CONSTANT_CONVERSION = YES;
				CLANG_WARN_DEPRECATED_OBJC_IMPLEMENTATIONS = YES;
				CLANG_WARN_DIRECT_OBJC_ISA_USAGE = YES_ERROR;
				CLANG_WARN_DOCUMENTATION_COMMENTS = YES;
				CLANG_WARN_EMPTY_BODY = YES;
				CLANG_WARN_ENUM_CONVERSION = YES;
				CLANG_WARN_INFINITE_RECURSION = YES;
				CLANG_WARN_INT_CONVERSION = YES;
				CLANG_WARN_NON_LITERAL_NULL_CONVERSION = YES;
				CLANG_WARN_OBJC_IMPLICIT_RETAIN_SELF = YES;
				CLANG_WARN_OBJC_LITERAL_CONVERSION = YES;
				CLANG_WARN_OBJC_ROOT_CLASS = YES_ERROR;
				CLANG_WARN_QUOTED_INCLUDE_IN_FRAMEWORK_HEADER = YES;
				CLANG_WARN_RANGE_LOOP_ANALYSIS = YES;
				CLANG_WARN_STRICT_PROTOTYPES = YES;
				CLANG_WARN_SUSPICIOUS_MOVE = YES;
				CLANG_WARN_UNGUARDED_AVAILABILITY = YES_AGGRESSIVE;
				CLANG_WARN_UNREACHABLE_CODE = YES;
				CLANG_WARN__DUPLICATE_METHOD_MATCH = YES;
				COPY_PHASE_STRIP = NO;
				DEBUG_INFORMATION_FORMAT = dwarf;
				DEVELOPMENT_TEAM = 97YS96AX4Q;
				ENABLE_STRICT_OBJC_MSGSEND = YES;
				ENABLE_TESTABILITY = YES;
				ENABLE_USER_SCRIPT_SANDBOXING = YES;
				GCC_C_LANGUAGE_STANDARD = gnu17;
				GCC_DYNAMIC_NO_PIC = NO;
				GCC_NO_COMMON_BLOCKS = YES;
				GCC_OPTIMIZATION_LEVEL = 0;
				GCC_PREPROCESSOR_DEFINITIONS = (
					"DEBUG=1",
					"$(inherited)",
				);
				GCC_WARN_64_TO_32_BIT_CONVERSION = YES;
				GCC_WARN_ABOUT_RETURN_TYPE = YES_ERROR;
				GCC_WARN_UNDECLARED_SELECTOR = YES;
				GCC_WARN_UNINITIALIZED_AUTOS = YES_AGGRESSIVE;
				GCC_WARN_UNUSED_FUNCTION = YES;
				GCC_WARN_UNUSED_VARIABLE = YES;
				IPHONEOS_DEPLOYMENT_TARGET = 26.1;
				LOCALIZATION_PREFERS_STRING_CATALOGS = YES;
				MTL_ENABLE_DEBUG_INFO = INCLUDE_SOURCE;
				MTL_FAST_MATH = YES;
				ONLY_ACTIVE_ARCH = YES;
				SDKROOT = iphoneos;
				SWIFT_ACTIVE_COMPILATION_CONDITIONS = "DEBUG $(inherited)";
				SWIFT_OPTIMIZATION_LEVEL = "-Onone";
			};
			name = Debug;
		};
		DC0FAEC92EF3275400D9E235 /* Release */ = {
			isa = XCBuildConfiguration;
			buildSettings = {
				ALWAYS_SEARCH_USER_PATHS = NO;
				ASSETCATALOG_COMPILER_GENERATE_SWIFT_ASSET_SYMBOL_EXTENSIONS = YES;
				CLANG_ANALYZER_NONNULL = YES;
				CLANG_ANALYZER_NUMBER_OBJECT_CONVERSION = YES_AGGRESSIVE;
				CLANG_CXX_LANGUAGE_STANDARD = "gnu++20";
				CLANG_ENABLE_MODULES = YES;
				CLANG_ENABLE_OBJC_ARC = YES;
				CLANG_ENABLE_OBJC_WEAK = YES;
				CLANG_WARN_BLOCK_CAPTURE_AUTORELEASING = YES;
				CLANG_WARN_BOOL_CONVERSION = YES;
				CLANG_WARN_COMMA = YES;
				CLANG_WARN_CONSTANT_CONVERSION = YES;
				CLANG_WARN_DEPRECATED_OBJC_IMPLEMENTATIONS = YES;
				CLANG_WARN_DIRECT_OBJC_ISA_USAGE = YES_ERROR;
				CLANG_WARN_DOCUMENTATION_COMMENTS = YES;
				CLANG_WARN_EMPTY_BODY = YES;
				CLANG_WARN_ENUM_CONVERSION = YES;
				CLANG_WARN_INFINITE_RECURSION = YES;
				CLANG_WARN_INT_CONVERSION = YES;
				CLANG_WARN_NON_LITERAL_NULL_CONVERSION = YES;
				CLANG_WARN_OBJC_IMPLICIT_RETAIN_SELF = YES;
				CLANG_WARN_OBJC_LITERAL_CONVERSION = YES;
				CLANG_WARN_OBJC_ROOT_CLASS = YES_ERROR;
				CLANG_WARN_QUOTED_INCLUDE_IN_FRAMEWORK_HEADER = YES;
				CLANG_WARN_RANGE_LOOP_ANALYSIS = YES;
				CLANG_WARN_STRICT_PROTOTYPES = YES;
				CLANG_WARN_SUSPICIOUS_MOVE = YES;
				CLANG_WARN_UNGUARDED_AVAILABILITY = YES_AGGRESSIVE;
				CLANG_WARN_UNREACHABLE_CODE = YES;
				CLANG_WARN__DUPLICATE_METHOD_MATCH = YES;
				COPY_PHASE_STRIP = NO;
				DEBUG_INFORMATION_FORMAT = "dwarf-with-dsym";
				DEVELOPMENT_TEAM = 97YS96AX4Q;
				ENABLE_NS_ASSERTIONS = NO;
				ENABLE_STRICT_OBJC_MSGSEND = YES;
				ENABLE_USER_SCRIPT_SANDBOXING = YES;
				GCC_C_LANGUAGE_STANDARD = gnu17;
				GCC_NO_COMMON_BLOCKS = YES;
				GCC_WARN_64_TO_32_BIT_CONVERSION = YES;
				GCC_WARN_ABOUT_RETURN_TYPE = YES_ERROR;
				GCC_WARN_UNDECLARED_SELECTOR = YES;
				GCC_WARN_UNINITIALIZED_AUTOS = YES_AGGRESSIVE;
				GCC_WARN_UNUSED_FUNCTION = YES;
				GCC_WARN_UNUSED_VARIABLE = YES;
				IPHONEOS_DEPLOYMENT_TARGET = 26.1;
				LOCALIZATION_PREFERS_STRING_CATALOGS = YES;
				MTL_ENABLE_DEBUG_INFO = NO;
				MTL_FAST_MATH = YES;
				SDKROOT = iphoneos;
				SWIFT_COMPILATION_MODE = wholemodule;
				VALIDATE_PRODUCT = YES;
			};
			name = Release;
		};
		DC0FAECB2EF3275400D9E235 /* Debug */ = {
			isa = XCBuildConfiguration;
			buildSettings = {
				ASSETCATALOG_COMPILER_APPICON_NAME = AppIcon;
				ASSETCATALOG_COMPILER_GLOBAL_ACCENT_COLOR_NAME = AccentColor;
				CODE_SIGN_STYLE = Automatic;
				CURRENT_PROJECT_VERSION = 1;
				DEVELOPMENT_TEAM = 97YS96AX4Q;
				ENABLE_PREVIEWS = YES;
				GENERATE_INFOPLIST_FILE = YES;
				INFOPLIST_KEY_UIApplicationSceneManifest_Generation = YES;
				INFOPLIST_KEY_UIApplicationSupportsIndirectInputEvents = YES;
				INFOPLIST_KEY_UILaunchScreen_Generation = YES;
				INFOPLIST_KEY_UISupportedInterfaceOrientations_iPad = "UIInterfaceOrientationPortrait UIInterfaceOrientationPortraitUpsideDown UIInterfaceOrientationLandscapeLeft UIInterfaceOrientationLandscapeRight";
				INFOPLIST_KEY_UISupportedInterfaceOrientations_iPhone = "UIInterfaceOrientationPortrait UIInterfaceOrientationLandscapeLeft UIInterfaceOrientationLandscapeRight";
				LD_RUNPATH_SEARCH_PATHS = (
					"$(inherited)",
					"@executable_path/Frameworks",
				);
				MARKETING_VERSION = 1.0;
				PRODUCT_BUNDLE_IDENTIFIER = com.pakdiltalha.WordSnap;
				PRODUCT_NAME = "$(TARGET_NAME)";
				STRING_CATALOG_GENERATE_SYMBOLS = YES;
				SWIFT_APPROACHABLE_CONCURRENCY = YES;
				SWIFT_DEFAULT_ACTOR_ISOLATION = MainActor;
				SWIFT_EMIT_LOC_STRINGS = YES;
				SWIFT_UPCOMING_FEATURE_MEMBER_IMPORT_VISIBILITY = YES;
				SWIFT_VERSION = 5.0;
				TARGETED_DEVICE_FAMILY = "1,2";
			};
			name = Debug;
		};
		DC0FAECC2EF3275400D9E235 /* Release */ = {
			isa = XCBuildConfiguration;
			buildSettings = {
				ASSETCATALOG_COMPILER_APPICON_NAME = AppIcon;
				ASSETCATALOG_COMPILER_GLOBAL_ACCENT_COLOR_NAME = AccentColor;
				CODE_SIGN_STYLE = Automatic;
				CURRENT_PROJECT_VERSION = 1;
				DEVELOPMENT_TEAM = 97YS96AX4Q;
				ENABLE_PREVIEWS = YES;
				GENERATE_INFOPLIST_FILE = YES;
				INFOPLIST_KEY_UIApplicationSceneManifest_Generation = YES;
				INFOPLIST_KEY_UIApplicationSupportsIndirectInputEvents = YES;
				INFOPLIST_KEY_UILaunchScreen_Generation = YES;
				INFOPLIST_KEY_UISupportedInterfaceOrientations_iPad = "UIInterfaceOrientationPortrait UIInterfaceOrientationPortraitUpsideDown UIInterfaceOrientationLandscapeLeft UIInterfaceOrientationLandscapeRight";
				INFOPLIST_KEY_UISupportedInterfaceOrientations_iPhone = "UIInterfaceOrientationPortrait UIInterfaceOrientationLandscapeLeft UIInterfaceOrientationLandscapeRight";
				LD_RUNPATH_SEARCH_PATHS = (
					"$(inherited)",
					"@executable_path/Frameworks",
				);
				MARKETING_VERSION = 1.0;
				PRODUCT_BUNDLE_IDENTIFIER = com.pakdiltalha.WordSnap;
				PRODUCT_NAME = "$(TARGET_NAME)";
				STRING_CATALOG_GENERATE_SYMBOLS = YES;
				SWIFT_APPROACHABLE_CONCURRENCY = YES;
				SWIFT_DEFAULT_ACTOR_ISOLATION = MainActor;
				SWIFT_EMIT_LOC_STRINGS = YES;
				SWIFT_UPCOMING_FEATURE_MEMBER_IMPORT_VISIBILITY = YES;
				SWIFT_VERSION = 5.0;
				TARGETED_DEVICE_FAMILY = "1,2";
			};
			name = Release;
		};
		DC0FAECE2EF3275400D9E235 /* Debug */ = {
			isa = XCBuildConfiguration;
			buildSettings = {
				BUNDLE_LOADER = "$(TEST_HOST)";
				CODE_SIGN_STYLE = Automatic;
				CURRENT_PROJECT_VERSION = 1;
				DEVELOPMENT_TEAM = 97YS96AX4Q;
				GENERATE_INFOPLIST_FILE = YES;
				IPHONEOS_DEPLOYMENT_TARGET = 26.1;
				MARKETING_VERSION = 1.0;
				PRODUCT_BUNDLE_IDENTIFIER = com.pakdiltalha.WordSnapTests;
				PRODUCT_NAME = "$(TARGET_NAME)";
				STRING_CATALOG_GENERATE_SYMBOLS = NO;
				SWIFT_APPROACHABLE_CONCURRENCY = YES;
				SWIFT_EMIT_LOC_STRINGS = NO;
				SWIFT_UPCOMING_FEATURE_MEMBER_IMPORT_VISIBILITY = YES;
				SWIFT_VERSION = 5.0;
				TARGETED_DEVICE_FAMILY = "1,2";
				TEST_HOST = "$(BUILT_PRODUCTS_DIR)/WordSnap.app/$(BUNDLE_EXECUTABLE_FOLDER_PATH)/WordSnap";
			};
			name = Debug;
		};
		DC0FAECF2EF3275400D9E235 /* Release */ = {
			isa = XCBuildConfiguration;
			buildSettings = {
				BUNDLE_LOADER = "$(TEST_HOST)";
				CODE_SIGN_STYLE = Automatic;
				CURRENT_PROJECT_VERSION = 1;
				DEVELOPMENT_TEAM = 97YS96AX4Q;
				GENERATE_INFOPLIST_FILE = YES;
				IPHONEOS_DEPLOYMENT_TARGET = 26.1;
				MARKETING_VERSION = 1.0;
				PRODUCT_BUNDLE_IDENTIFIER = com.pakdiltalha.WordSnapTests;
				PRODUCT_NAME = "$(TARGET_NAME)";
				STRING_CATALOG_GENERATE_SYMBOLS = NO;
				SWIFT_APPROACHABLE_CONCURRENCY = YES;
				SWIFT_EMIT_LOC_STRINGS = NO;
				SWIFT_UPCOMING_FEATURE_MEMBER_IMPORT_VISIBILITY = YES;
				SWIFT_VERSION = 5.0;
				TARGETED_DEVICE_FAMILY = "1,2";
				TEST_HOST = "$(BUILT_PRODUCTS_DIR)/WordSnap.app/$(BUNDLE_EXECUTABLE_FOLDER_PATH)/WordSnap";
			};
			name = Release;
		};
		DC0FAED12EF3275400D9E235 /* Debug */ = {
			isa = XCBuildConfiguration;
			buildSettings = {
				CODE_SIGN_STYLE = Automatic;
				CURRENT_PROJECT_VERSION = 1;
				DEVELOPMENT_TEAM = 97YS96AX4Q;
				GENERATE_INFOPLIST_FILE = YES;
				MARKETING_VERSION = 1.0;
				PRODUCT_BUNDLE_IDENTIFIER = com.pakdiltalha.WordSnapUITests;
				PRODUCT_NAME = "$(TARGET_NAME)";
				STRING_CATALOG_GENERATE_SYMBOLS = NO;
				SWIFT_APPROACHABLE_CONCURRENCY = YES;
				SWIFT_EMIT_LOC_STRINGS = NO;
				SWIFT_UPCOMING_FEATURE_MEMBER_IMPORT_VISIBILITY = YES;
				SWIFT_VERSION = 5.0;
				TARGETED_DEVICE_FAMILY = "1,2";
				TEST_TARGET_NAME = WordSnap;
			};
			name = Debug;
		};
		DC0FAED22EF3275400D9E235 /* Release */ = {
			isa = XCBuildConfiguration;
			buildSettings = {
				CODE_SIGN_STYLE = Automatic;
				CURRENT_PROJECT_VERSION = 1;
				DEVELOPMENT_TEAM = 97YS96AX4Q;
				GENERATE_INFOPLIST_FILE = YES;
				MARKETING_VERSION = 1.0;
				PRODUCT_BUNDLE_IDENTIFIER = com.pakdiltalha.WordSnapUITests;
				PRODUCT_NAME = "$(TARGET_NAME)";
				STRING_CATALOG_GENERATE_SYMBOLS = NO;
				SWIFT_APPROACHABLE_CONCURRENCY = YES;
				SWIFT_EMIT_LOC_STRINGS = NO;
				SWIFT_UPCOMING_FEATURE_MEMBER_IMPORT_VISIBILITY = YES;
				SWIFT_VERSION = 5.0;
				TARGETED_DEVICE_FAMILY = "1,2";
				TEST_TARGET_NAME = WordSnap;
			};
			name = Release;
		};
/* End XCBuildConfiguration section */

/* Begin XCConfigurationList section */
		DC0FAEA42EF3275300D9E235 /* Build configuration list for PBXProject "WordSnap" */ = {
			isa = XCConfigurationList;
			buildConfigurations = (
				DC0FAEC82EF3275400D9E235 /* Debug */,
				DC0FAEC92EF3275400D9E235 /* Release */,
			);
			defaultConfigurationIsVisible = 0;
			defaultConfigurationName = Release;
		};
		DC0FAECA2EF3275400D9E235 /* Build configuration list for PBXNativeTarget "WordSnap" */ = {
			isa = XCConfigurationList;
			buildConfigurations = (
				DC0FAECB2EF3275400D9E235 /* Debug */,
				DC0FAECC2EF3275400D9E235 /* Release */,
			);
			defaultConfigurationIsVisible = 0;
			defaultConfigurationName = Release;
		};
		DC0FAECD2EF3275400D9E235 /* Build configuration list for PBXNativeTarget "WordSnapTests" */ = {
			isa = XCConfigurationList;
			buildConfigurations = (
				DC0FAECE2EF3275400D9E235 /* Debug */,
				DC0FAECF2EF3275400D9E235 /* Release */,
			);
			defaultConfigurationIsVisible = 0;
			defaultConfigurationName = Release;
		};
		DC0FAED02EF3275400D9E235 /* Build configuration list for PBXNativeTarget "WordSnapUITests" */ = {
			isa = XCConfigurationList;
			buildConfigurations = (
				DC0FAED12EF3275400D9E235 /* Debug */,
				DC0FAED22EF3275400D9E235 /* Release */,
			);
			defaultConfigurationIsVisible = 0;
			defaultConfigurationName = Release;
		};
/* End XCConfigurationList section */

/* Begin XCRemoteSwiftPackageReference section */
		DC36B4FA2EF32F00008FF120 /* XCRemoteSwiftPackageReference "firebase-ios-sdk" */ = {
			isa = XCRemoteSwiftPackageReference;
			repositoryURL = "https://github.com/firebase/firebase-ios-sdk";
			requirement = {
				kind = upToNextMajorVersion;
				minimumVersion = 12.7.0;
			};
		};
/* End XCRemoteSwiftPackageReference section */

/* Begin XCSwiftPackageProductDependency section */
		DC36B4FB2EF32F00008FF120 /* FirebaseAuth */ = {
			isa = XCSwiftPackageProductDependency;
			package = DC36B4FA2EF32F00008FF120 /* XCRemoteSwiftPackageReference "firebase-ios-sdk" */;
			productName = FirebaseAuth;
		};
		DC36B4FD2EF32F00008FF120 /* FirebaseCore */ = {
			isa = XCSwiftPackageProductDependency;
			package = DC36B4FA2EF32F00008FF120 /* XCRemoteSwiftPackageReference "firebase-ios-sdk" */;
			productName = FirebaseCore;
		};
		DC36B4FF2EF32F00008FF120 /* FirebaseFirestore */ = {
			isa = XCSwiftPackageProductDependency;
			package = DC36B4FA2EF32F00008FF120 /* XCRemoteSwiftPackageReference "firebase-ios-sdk" */;
			productName = FirebaseFirestore;
		};
		DC36B5012EF32F00008FF120 /* FirebaseStorage */ = {
			isa = XCSwiftPackageProductDependency;
			package = DC36B4FA2EF32F00008FF120 /* XCRemoteSwiftPackageReference "firebase-ios-sdk" */;
			productName = FirebaseStorage;
		};
/* End XCSwiftPackageProductDependency section */
	};
	rootObject = DC0FAEA12EF3275300D9E235 /* Project object */;
}
